
Microsoft Visual Studio Solution File, Format Version 12.00
# Visual Studio Version 17
VisualStudioVersion = 17.4.33103.184
MinimumVisualStudioVersion = 10.0.40219.1
Project("{2150E333-8FDC-42A3-9474-1A3956D46DE8}") = "src", "src", "{81D974E6-DA69-4E4F-AF2E-0183E50550D2}"
EndProject
Project("{9A19103F-16F7-4668-BE54-9A1E7A4F7556}") = "Gateway", "src\Gateway\Gateway.csproj", "{E71384F4-8760-479C-A94A-4610C065C46F}"
EndProject
Project("{2150E333-8FDC-42A3-9474-1A3956D46DE8}") = "services", "services", "{B0FC0AC6-D691-4018-BDFD-860EE343EBE6}"
EndProject
Project("{9A19103F-16F7-4668-BE54-9A1E7A4F7556}") = "Identity", "src\services\Identity\Identity.csproj", "{525AD877-DF74-476D-9717-457C98078756}"
EndProject
Project("{2150E333-8FDC-42A3-9474-1A3956D46DE8}") = "packages", "packages", "{726987AF-C4FC-4022-8D86-EB4B5275272E}"
EndProject
Project("{9A19103F-16F7-4668-BE54-9A1E7A4F7556}") = "CodeGenerator", "src\packages\CodeGenerator\CodeGenerator.csproj", "{C2A712C3-1823-4592-AB6B-EC3C16002A9A}"
EndProject
Project("{9A19103F-16F7-4668-BE54-9A1E7A4F7556}") = "Repository", "src\packages\Repository\Repository.csproj", "{72B60318-46DD-4E4B-8FD9-A966CDE2F9A6}"
EndProject
Project("{9A19103F-16F7-4668-BE54-9A1E7A4F7556}") = "PlaygroundConsole", "src\PlaygroundConsole\PlaygroundConsole.csproj", "{D5B8F786-537E-4239-9925-8DE84537DC2A}"
EndProject
Project("{FAE04EC0-301F-11D3-BF4B-00C04F79EFBC}") = "PlaygroundConsole2", "src\PlaygroundConsole2\PlaygroundConsole2.csproj", "{B48F439C-7845-423A-B032-526570A18E7B}"
EndProject
Global
	GlobalSection(SolutionConfigurationPlatforms) = preSolution
		Debug|Any CPU = Debug|Any CPU
		Release|Any CPU = Release|Any CPU
	EndGlobalSection
	GlobalSection(ProjectConfigurationPlatforms) = postSolution
		{E71384F4-8760-479C-A94A-4610C065C46F}.Debug|Any CPU.ActiveCfg = Debug|Any CPU
		{E71384F4-8760-479C-A94A-4610C065C46F}.Debug|Any CPU.Build.0 = Debug|Any CPU
		{E71384F4-8760-479C-A94A-4610C065C46F}.Release|Any CPU.ActiveCfg = Release|Any CPU
		{E71384F4-8760-479C-A94A-4610C065C46F}.Release|Any CPU.Build.0 = Release|Any CPU
		{525AD877-DF74-476D-9717-457C98078756}.Debug|Any CPU.ActiveCfg = Debug|Any CPU
		{525AD877-DF74-476D-9717-457C98078756}.Debug|Any CPU.Build.0 = Debug|Any CPU
		{525AD877-DF74-476D-9717-457C98078756}.Release|Any CPU.ActiveCfg = Release|Any CPU
		{525AD877-DF74-476D-9717-457C98078756}.Release|Any CPU.Build.0 = Release|Any CPU
		{C2A712C3-1823-4592-AB6B-EC3C16002A9A}.Debug|Any CPU.ActiveCfg = Debug|Any CPU
		{C2A712C3-1823-4592-AB6B-EC3C16002A9A}.Debug|Any CPU.Build.0 = Debug|Any CPU
		{C2A712C3-1823-4592-AB6B-EC3C16002A9A}.Release|Any CPU.ActiveCfg = Release|Any CPU
		{C2A712C3-1823-4592-AB6B-EC3C16002A9A}.Release|Any CPU.Build.0 = Release|Any CPU
		{72B60318-46DD-4E4B-8FD9-A966CDE2F9A6}.Debug|Any CPU.ActiveCfg = Debug|Any CPU
		{72B60318-46DD-4E4B-8FD9-A966CDE2F9A6}.Debug|Any CPU.Build.0 = Debug|Any CPU
		{72B60318-46DD-4E4B-8FD9-A966CDE2F9A6}.Release|Any CPU.ActiveCfg = Release|Any CPU
		{72B60318-46DD-4E4B-8FD9-A966CDE2F9A6}.Release|Any CPU.Build.0 = Release|Any CPU
		{D5B8F786-537E-4239-9925-8DE84537DC2A}.Debug|Any CPU.ActiveCfg = Debug|Any CPU
		{D5B8F786-537E-4239-9925-8DE84537DC2A}.Debug|Any CPU.Build.0 = Debug|Any CPU
		{D5B8F786-537E-4239-9925-8DE84537DC2A}.Release|Any CPU.ActiveCfg = Release|Any CPU
		{D5B8F786-537E-4239-9925-8DE84537DC2A}.Release|Any CPU.Build.0 = Release|Any CPU
		{B48F439C-7845-423A-B032-526570A18E7B}.Debug|Any CPU.ActiveCfg = Debug|Any CPU
		{B48F439C-7845-423A-B032-526570A18E7B}.Debug|Any CPU.Build.0 = Debug|Any CPU
		{B48F439C-7845-423A-B032-526570A18E7B}.Release|Any CPU.ActiveCfg = Release|Any CPU
		{B48F439C-7845-423A-B032-526570A18E7B}.Release|Any CPU.Build.0 = Release|Any CPU
	EndGlobalSection
	GlobalSection(SolutionProperties) = preSolution
		HideSolutionNode = FALSE
	EndGlobalSection
	GlobalSection(NestedProjects) = preSolution
		{E71384F4-8760-479C-A94A-4610C065C46F} = {81D974E6-DA69-4E4F-AF2E-0183E50550D2}
		{B0FC0AC6-D691-4018-BDFD-860EE343EBE6} = {81D974E6-DA69-4E4F-AF2E-0183E50550D2}
		{525AD877-DF74-476D-9717-457C98078756} = {B0FC0AC6-D691-4018-BDFD-860EE343EBE6}
		{726987AF-C4FC-4022-8D86-EB4B5275272E} = {81D974E6-DA69-4E4F-AF2E-0183E50550D2}
		{C2A712C3-1823-4592-AB6B-EC3C16002A9A} = {726987AF-C4FC-4022-8D86-EB4B5275272E}
		{72B60318-46DD-4E4B-8FD9-A966CDE2F9A6} = {726987AF-C4FC-4022-8D86-EB4B5275272E}
		{D5B8F786-537E-4239-9925-8DE84537DC2A} = {81D974E6-DA69-4E4F-AF2E-0183E50550D2}
	EndGlobalSection
	GlobalSection(ExtensibilityGlobals) = postSolution
		SolutionGuid = {663048F6-C432-4EF8-94A9-9807EAC5E97C}
	EndGlobalSection
EndGlobal
